
Microsoft Visual Studio Solution File, Format Version 12.00
# Visual Studio Version 16
VisualStudioVersion = 16.0.29926.136
MinimumVisualStudioVersion = 10.0.40219.1
Project("{FAE04EC0-301F-11D3-BF4B-00C04F79EFBC}") = "BookStore", "BookStore\BookStore.csproj", "{9657AF9A-4251-4DB3-AFC0-B7410AE39D33}"
EndProject
Global
	GlobalSection(SolutionConfigurationPlatforms) = preSolution
		Debug|Any CPU = Debug|Any CPU
		Release|Any CPU = Release|Any CPU
	EndGlobalSection
	GlobalSection(ProjectConfigurationPlatforms) = postSolution
		{9657AF9A-4251-4DB3-AFC0-B7410AE39D33}.Debug|Any CPU.ActiveCfg = Debug|Any CPU
		{9657AF9A-4251-4DB3-AFC0-B7410AE39D33}.Debug|Any CPU.Build.0 = Debug|Any CPU
		{9657AF9A-4251-4DB3-AFC0-B7410AE39D33}.Release|Any CPU.ActiveCfg = Release|Any CPU
		{9657AF9A-4251-4DB3-AFC0-B7410AE39D33}.Release|Any CPU.Build.0 = Release|Any CPU
	EndGlobalSection
	GlobalSection(SolutionProperties) = preSolution
		HideSolutionNode = FALSE
	EndGlobalSection
	GlobalSection(ExtensibilityGlobals) = postSolution
		SolutionGuid = {4EF0B924-C2E3-49CC-91D1-0C02F96D6A38}
	EndGlobalSection
EndGlobal
